
Microsoft Visual Studio Solution File, Format Version 12.00
Project("{FAE04EC0-301F-11D3-BF4B-00C04F79EFBC}") = "WPFbigInt", "WPFbigInt\WPFbigInt.csproj", "{232ACD3C-FC7D-42FB-AD04-54F20380F123}"
EndProject
Project("{FAE04EC0-301F-11D3-BF4B-00C04F79EFBC}") = "ArithmeticParser", "ArithmeticParser\ArithmeticParser.csproj", "{26680743-52F1-41D4-A881-BFD277BC44C7}"
EndProject
Project("{FAE04EC0-301F-11D3-BF4B-00C04F79EFBC}") = "ArithmeticParserTest", "ArithmeticParserTest\ArithmeticParserTest.csproj", "{39A395C8-9705-442B-9C32-7F062BF5EB6A}"
EndProject
Project("{FAE04EC0-301F-11D3-BF4B-00C04F79EFBC}") = "ConsoleTest", "ConsoleTest\ConsoleTest.csproj", "{502BE604-12C2-4E9A-ADE0-01058D136A12}"
EndProject
Global
	GlobalSection(SolutionConfigurationPlatforms) = preSolution
		Debug|Any CPU = Debug|Any CPU
		Release|Any CPU = Release|Any CPU
	EndGlobalSection
	GlobalSection(ProjectConfigurationPlatforms) = postSolution
		{232ACD3C-FC7D-42FB-AD04-54F20380F123}.Debug|Any CPU.ActiveCfg = Debug|Any CPU
		{232ACD3C-FC7D-42FB-AD04-54F20380F123}.Debug|Any CPU.Build.0 = Debug|Any CPU
		{232ACD3C-FC7D-42FB-AD04-54F20380F123}.Release|Any CPU.ActiveCfg = Release|Any CPU
		{232ACD3C-FC7D-42FB-AD04-54F20380F123}.Release|Any CPU.Build.0 = Release|Any CPU
		{26680743-52F1-41D4-A881-BFD277BC44C7}.Debug|Any CPU.ActiveCfg = Debug|Any CPU
		{26680743-52F1-41D4-A881-BFD277BC44C7}.Debug|Any CPU.Build.0 = Debug|Any CPU
		{26680743-52F1-41D4-A881-BFD277BC44C7}.Release|Any CPU.ActiveCfg = Release|Any CPU
		{26680743-52F1-41D4-A881-BFD277BC44C7}.Release|Any CPU.Build.0 = Release|Any CPU
		{39A395C8-9705-442B-9C32-7F062BF5EB6A}.Debug|Any CPU.ActiveCfg = Debug|Any CPU
		{39A395C8-9705-442B-9C32-7F062BF5EB6A}.Debug|Any CPU.Build.0 = Debug|Any CPU
		{39A395C8-9705-442B-9C32-7F062BF5EB6A}.Release|Any CPU.ActiveCfg = Release|Any CPU
		{39A395C8-9705-442B-9C32-7F062BF5EB6A}.Release|Any CPU.Build.0 = Release|Any CPU
		{502BE604-12C2-4E9A-ADE0-01058D136A12}.Debug|Any CPU.ActiveCfg = Debug|Any CPU
		{502BE604-12C2-4E9A-ADE0-01058D136A12}.Debug|Any CPU.Build.0 = Debug|Any CPU
		{502BE604-12C2-4E9A-ADE0-01058D136A12}.Release|Any CPU.ActiveCfg = Release|Any CPU
		{502BE604-12C2-4E9A-ADE0-01058D136A12}.Release|Any CPU.Build.0 = Release|Any CPU
	EndGlobalSection
EndGlobal
